
Microsoft Visual Studio Solution File, Format Version 12.00
# Visual Studio 14
VisualStudioVersion = 14.0.25420.1
MinimumVisualStudioVersion = 10.0.40219.1
Project("{2150E333-8FDC-42A3-9474-1A3956D46DE8}") = "Solution Items", "Solution Items", "{F796077B-67E1-40D7-ABB2-00187E0ECFBE}"
	ProjectSection(SolutionItems) = preProject
		.gitignore = .gitignore
		appveyor.yml = appveyor.yml
	EndProjectSection
EndProject
Project("{FAE04EC0-301F-11D3-BF4B-00C04F79EFBC}") = "Gevlee.RsaChat.Client.App", "Gevlee.RsaChat.Client.App\Gevlee.RsaChat.Client.App.csproj", "{B8016495-AA81-45F0-995C-5462EF49496F}"
EndProject
Project("{2150E333-8FDC-42A3-9474-1A3956D46DE8}") = "Client", "Client", "{C11CA808-F868-42B8-BAE3-80187CC0AFD1}"
EndProject
Project("{2150E333-8FDC-42A3-9474-1A3956D46DE8}") = "Server", "Server", "{3C9EB8FE-7DAD-4E83-94FE-FF50449D3842}"
EndProject
Project("{2150E333-8FDC-42A3-9474-1A3956D46DE8}") = "Common", "Common", "{1B05D79E-B31F-49DC-A796-4559A2A047FB}"
EndProject
Project("{FAE04EC0-301F-11D3-BF4B-00C04F79EFBC}") = "Gevlee.RsaChat.Server.Console", "Gevlee.RsaChat.Server.Console\Gevlee.RsaChat.Server.Console.csproj", "{1219CAC1-D8D9-481F-9DD3-DE115E91D86B}"
EndProject
Project("{FAE04EC0-301F-11D3-BF4B-00C04F79EFBC}") = "Gevlee.RsaChat.Common.Actors", "Gevlee.RsaChat.Common.Actors\Gevlee.RsaChat.Common.Actors.csproj", "{43AB96C1-2B48-4A5B-AFF3-344D0619F90A}"
EndProject
Project("{FAE04EC0-301F-11D3-BF4B-00C04F79EFBC}") = "Gevlee.RsaChat.Common.Messages", "Gevlee.RsaChat.Common.Messages\Gevlee.RsaChat.Common.Messages.csproj", "{3EFCFD21-44F7-4794-A0F9-612E1EC68581}"
EndProject
Project("{FAE04EC0-301F-11D3-BF4B-00C04F79EFBC}") = "Gevlee.RsaChat.Client.App.Core", "Gevlee.RsaChat.Client.App.Core\Gevlee.RsaChat.Client.App.Core.csproj", "{C255C278-91AB-4132-BC8B-1600D3DC4906}"
EndProject
Project("{FAE04EC0-301F-11D3-BF4B-00C04F79EFBC}") = "Gevlee.RsaChat.Client.Actors", "Gevlee.RsaChat.Client.Actors\Gevlee.RsaChat.Client.Actors.csproj", "{2CA1EA4C-8A02-4321-97D1-FFE74B840645}"
EndProject
Project("{FAE04EC0-301F-11D3-BF4B-00C04F79EFBC}") = "Gevlee.RsaChat.Client.Model", "Gevlee.RsaChat.Client.Model\Gevlee.RsaChat.Client.Model.csproj", "{80FC0F7A-ED32-44DF-8BC9-CAC5BE175E46}"
EndProject
Global
	GlobalSection(SolutionConfigurationPlatforms) = preSolution
		Debug|Any CPU = Debug|Any CPU
		Release|Any CPU = Release|Any CPU
	EndGlobalSection
	GlobalSection(ProjectConfigurationPlatforms) = postSolution
		{B8016495-AA81-45F0-995C-5462EF49496F}.Debug|Any CPU.ActiveCfg = Debug|Any CPU
		{B8016495-AA81-45F0-995C-5462EF49496F}.Debug|Any CPU.Build.0 = Debug|Any CPU
		{B8016495-AA81-45F0-995C-5462EF49496F}.Release|Any CPU.ActiveCfg = Release|Any CPU
		{B8016495-AA81-45F0-995C-5462EF49496F}.Release|Any CPU.Build.0 = Release|Any CPU
		{1219CAC1-D8D9-481F-9DD3-DE115E91D86B}.Debug|Any CPU.ActiveCfg = Debug|Any CPU
		{1219CAC1-D8D9-481F-9DD3-DE115E91D86B}.Debug|Any CPU.Build.0 = Debug|Any CPU
		{1219CAC1-D8D9-481F-9DD3-DE115E91D86B}.Release|Any CPU.ActiveCfg = Release|Any CPU
		{1219CAC1-D8D9-481F-9DD3-DE115E91D86B}.Release|Any CPU.Build.0 = Release|Any CPU
		{43AB96C1-2B48-4A5B-AFF3-344D0619F90A}.Debug|Any CPU.ActiveCfg = Debug|Any CPU
		{43AB96C1-2B48-4A5B-AFF3-344D0619F90A}.Debug|Any CPU.Build.0 = Debug|Any CPU
		{43AB96C1-2B48-4A5B-AFF3-344D0619F90A}.Release|Any CPU.ActiveCfg = Release|Any CPU
		{43AB96C1-2B48-4A5B-AFF3-344D0619F90A}.Release|Any CPU.Build.0 = Release|Any CPU
		{3EFCFD21-44F7-4794-A0F9-612E1EC68581}.Debug|Any CPU.ActiveCfg = Debug|Any CPU
		{3EFCFD21-44F7-4794-A0F9-612E1EC68581}.Debug|Any CPU.Build.0 = Debug|Any CPU
		{3EFCFD21-44F7-4794-A0F9-612E1EC68581}.Release|Any CPU.ActiveCfg = Release|Any CPU
		{3EFCFD21-44F7-4794-A0F9-612E1EC68581}.Release|Any CPU.Build.0 = Release|Any CPU
		{C255C278-91AB-4132-BC8B-1600D3DC4906}.Debug|Any CPU.ActiveCfg = Debug|Any CPU
		{C255C278-91AB-4132-BC8B-1600D3DC4906}.Debug|Any CPU.Build.0 = Debug|Any CPU
		{C255C278-91AB-4132-BC8B-1600D3DC4906}.Release|Any CPU.ActiveCfg = Release|Any CPU
		{C255C278-91AB-4132-BC8B-1600D3DC4906}.Release|Any CPU.Build.0 = Release|Any CPU
		{2CA1EA4C-8A02-4321-97D1-FFE74B840645}.Debug|Any CPU.ActiveCfg = Debug|Any CPU
		{2CA1EA4C-8A02-4321-97D1-FFE74B840645}.Debug|Any CPU.Build.0 = Debug|Any CPU
		{2CA1EA4C-8A02-4321-97D1-FFE74B840645}.Release|Any CPU.ActiveCfg = Release|Any CPU
		{2CA1EA4C-8A02-4321-97D1-FFE74B840645}.Release|Any CPU.Build.0 = Release|Any CPU
		{80FC0F7A-ED32-44DF-8BC9-CAC5BE175E46}.Debug|Any CPU.ActiveCfg = Debug|Any CPU
		{80FC0F7A-ED32-44DF-8BC9-CAC5BE175E46}.Debug|Any CPU.Build.0 = Debug|Any CPU
		{80FC0F7A-ED32-44DF-8BC9-CAC5BE175E46}.Release|Any CPU.ActiveCfg = Release|Any CPU
		{80FC0F7A-ED32-44DF-8BC9-CAC5BE175E46}.Release|Any CPU.Build.0 = Release|Any CPU
	EndGlobalSection
	GlobalSection(SolutionProperties) = preSolution
		HideSolutionNode = FALSE
	EndGlobalSection
	GlobalSection(NestedProjects) = preSolution
		{B8016495-AA81-45F0-995C-5462EF49496F} = {C11CA808-F868-42B8-BAE3-80187CC0AFD1}
		{1219CAC1-D8D9-481F-9DD3-DE115E91D86B} = {3C9EB8FE-7DAD-4E83-94FE-FF50449D3842}
		{43AB96C1-2B48-4A5B-AFF3-344D0619F90A} = {1B05D79E-B31F-49DC-A796-4559A2A047FB}
		{3EFCFD21-44F7-4794-A0F9-612E1EC68581} = {1B05D79E-B31F-49DC-A796-4559A2A047FB}
		{C255C278-91AB-4132-BC8B-1600D3DC4906} = {C11CA808-F868-42B8-BAE3-80187CC0AFD1}
		{2CA1EA4C-8A02-4321-97D1-FFE74B840645} = {C11CA808-F868-42B8-BAE3-80187CC0AFD1}
		{80FC0F7A-ED32-44DF-8BC9-CAC5BE175E46} = {C11CA808-F868-42B8-BAE3-80187CC0AFD1}
	EndGlobalSection
EndGlobal
